
Microsoft Visual Studio Solution File, Format Version 12.00
# Visual Studio Version 17
VisualStudioVersion = 17.4.33205.214
MinimumVisualStudioVersion = 10.0.40219.1
Project("{FAE04EC0-301F-11D3-BF4B-00C04F79EFBC}") = "StepwiseBuilder", "StepwiseBuilder\StepwiseBuilder.csproj", "{BBFB8CB9-BCB1-4180-BE2B-3E4F3D9233D0}"
EndProject
Project("{FAE04EC0-301F-11D3-BF4B-00C04F79EFBC}") = "FluentBuilderInheritance", "FluentBuilderInheritance\FluentBuilderInheritance.csproj", "{44AF51BA-9724-431C-9DA7-912399433266}"
EndProject
Global
	GlobalSection(SolutionConfigurationPlatforms) = preSolution
		Debug|Any CPU = Debug|Any CPU
		Release|Any CPU = Release|Any CPU
	EndGlobalSection
	GlobalSection(ProjectConfigurationPlatforms) = postSolution
		{BBFB8CB9-BCB1-4180-BE2B-3E4F3D9233D0}.Debug|Any CPU.ActiveCfg = Debug|Any CPU
		{BBFB8CB9-BCB1-4180-BE2B-3E4F3D9233D0}.Debug|Any CPU.Build.0 = Debug|Any CPU
		{BBFB8CB9-BCB1-4180-BE2B-3E4F3D9233D0}.Release|Any CPU.ActiveCfg = Release|Any CPU
		{BBFB8CB9-BCB1-4180-BE2B-3E4F3D9233D0}.Release|Any CPU.Build.0 = Release|Any CPU
		{44AF51BA-9724-431C-9DA7-912399433266}.Debug|Any CPU.ActiveCfg = Debug|Any CPU
		{44AF51BA-9724-431C-9DA7-912399433266}.Debug|Any CPU.Build.0 = Debug|Any CPU
		{44AF51BA-9724-431C-9DA7-912399433266}.Release|Any CPU.ActiveCfg = Release|Any CPU
		{44AF51BA-9724-431C-9DA7-912399433266}.Release|Any CPU.Build.0 = Release|Any CPU
	EndGlobalSection
	GlobalSection(SolutionProperties) = preSolution
		HideSolutionNode = FALSE
	EndGlobalSection
	GlobalSection(ExtensibilityGlobals) = postSolution
		SolutionGuid = {A304F72E-F704-436B-98B8-6BB2663418D1}
	EndGlobalSection
EndGlobal
