
Microsoft Visual Studio Solution File, Format Version 12.00
# Visual Studio Version 17
VisualStudioVersion = 17.4.33205.214
MinimumVisualStudioVersion = 10.0.40219.1
Project("{9A19103F-16F7-4668-BE54-9A1E7A4F7556}") = "StepwiseBuilder", "StepwiseBuilder\StepwiseBuilder.csproj", "{BBFB8CB9-BCB1-4180-BE2B-3E4F3D9233D0}"
EndProject
Project("{9A19103F-16F7-4668-BE54-9A1E7A4F7556}") = "FluentBuilderInheritance", "FluentBuilderInheritance\FluentBuilderInheritance.csproj", "{44AF51BA-9724-431C-9DA7-912399433266}"
EndProject
Project("{9A19103F-16F7-4668-BE54-9A1E7A4F7556}") = "Builder", "Builder\Builder.csproj", "{F1827201-67A1-49BE-83F0-B25817A11EBA}"
EndProject
Project("{9A19103F-16F7-4668-BE54-9A1E7A4F7556}") = "FunctionalBuilder", "FunctionalBuilder\FunctionalBuilder.csproj", "{EBB0D604-CC86-4F03-BB58-EE06F3BF07CB}"
EndProject
Project("{9A19103F-16F7-4668-BE54-9A1E7A4F7556}") = "SOLID_Single_Resp_Principle", "SOLID - SingleRespPrinciple\SOLID_Single_Resp_Principle.csproj", "{59ED633D-F334-4AE9-8856-070752B55A76}"
EndProject
Project("{9A19103F-16F7-4668-BE54-9A1E7A4F7556}") = "SOLID_Open-Closed_Principle", "SOLID_Open-Closed_Principle\SOLID_Open-Closed_Principle.csproj", "{C877E95C-4430-4C37-8FD2-4F32F23CB07E}"
EndProject
Project("{FAE04EC0-301F-11D3-BF4B-00C04F79EFBC}") = "SOLID_Liskov_Substitution_Principle", "SOLID_Liskov_Substitution_Principle\SOLID_Liskov_Substitution_Principle.csproj", "{3E8E1CCB-6417-42EB-B9F2-E0C9E313DD60}"
EndProject
Project("{FAE04EC0-301F-11D3-BF4B-00C04F79EFBC}") = "SOLID_Interface_Segregation_Principle", "SOLID_Interface_Segregation_Principle\SOLID_Interface_Segregation_Principle.csproj", "{42FCDA03-096E-425D-930B-C36B0EC1428D}"
EndProject
Project("{FAE04EC0-301F-11D3-BF4B-00C04F79EFBC}") = "SOLID_Dependency_Inversion_Principle", "SOLID_Dependency_Inversion_Principle\SOLID_Dependency_Inversion_Principle.csproj", "{BA3FC4CA-185E-4DD0-9AAB-256770D99D08}"
EndProject
Global
	GlobalSection(SolutionConfigurationPlatforms) = preSolution
		Debug|Any CPU = Debug|Any CPU
		Release|Any CPU = Release|Any CPU
	EndGlobalSection
	GlobalSection(ProjectConfigurationPlatforms) = postSolution
		{BBFB8CB9-BCB1-4180-BE2B-3E4F3D9233D0}.Debug|Any CPU.ActiveCfg = Debug|Any CPU
		{BBFB8CB9-BCB1-4180-BE2B-3E4F3D9233D0}.Debug|Any CPU.Build.0 = Debug|Any CPU
		{BBFB8CB9-BCB1-4180-BE2B-3E4F3D9233D0}.Release|Any CPU.ActiveCfg = Release|Any CPU
		{BBFB8CB9-BCB1-4180-BE2B-3E4F3D9233D0}.Release|Any CPU.Build.0 = Release|Any CPU
		{44AF51BA-9724-431C-9DA7-912399433266}.Debug|Any CPU.ActiveCfg = Debug|Any CPU
		{44AF51BA-9724-431C-9DA7-912399433266}.Debug|Any CPU.Build.0 = Debug|Any CPU
		{44AF51BA-9724-431C-9DA7-912399433266}.Release|Any CPU.ActiveCfg = Release|Any CPU
		{44AF51BA-9724-431C-9DA7-912399433266}.Release|Any CPU.Build.0 = Release|Any CPU
		{F1827201-67A1-49BE-83F0-B25817A11EBA}.Debug|Any CPU.ActiveCfg = Debug|Any CPU
		{F1827201-67A1-49BE-83F0-B25817A11EBA}.Debug|Any CPU.Build.0 = Debug|Any CPU
		{F1827201-67A1-49BE-83F0-B25817A11EBA}.Release|Any CPU.ActiveCfg = Release|Any CPU
		{F1827201-67A1-49BE-83F0-B25817A11EBA}.Release|Any CPU.Build.0 = Release|Any CPU
		{EBB0D604-CC86-4F03-BB58-EE06F3BF07CB}.Debug|Any CPU.ActiveCfg = Debug|Any CPU
		{EBB0D604-CC86-4F03-BB58-EE06F3BF07CB}.Debug|Any CPU.Build.0 = Debug|Any CPU
		{EBB0D604-CC86-4F03-BB58-EE06F3BF07CB}.Release|Any CPU.ActiveCfg = Release|Any CPU
		{EBB0D604-CC86-4F03-BB58-EE06F3BF07CB}.Release|Any CPU.Build.0 = Release|Any CPU
		{59ED633D-F334-4AE9-8856-070752B55A76}.Debug|Any CPU.ActiveCfg = Debug|Any CPU
		{59ED633D-F334-4AE9-8856-070752B55A76}.Debug|Any CPU.Build.0 = Debug|Any CPU
		{59ED633D-F334-4AE9-8856-070752B55A76}.Release|Any CPU.ActiveCfg = Release|Any CPU
		{59ED633D-F334-4AE9-8856-070752B55A76}.Release|Any CPU.Build.0 = Release|Any CPU
		{C877E95C-4430-4C37-8FD2-4F32F23CB07E}.Debug|Any CPU.ActiveCfg = Debug|Any CPU
		{C877E95C-4430-4C37-8FD2-4F32F23CB07E}.Debug|Any CPU.Build.0 = Debug|Any CPU
		{C877E95C-4430-4C37-8FD2-4F32F23CB07E}.Release|Any CPU.ActiveCfg = Release|Any CPU
		{C877E95C-4430-4C37-8FD2-4F32F23CB07E}.Release|Any CPU.Build.0 = Release|Any CPU
		{3E8E1CCB-6417-42EB-B9F2-E0C9E313DD60}.Debug|Any CPU.ActiveCfg = Debug|Any CPU
		{3E8E1CCB-6417-42EB-B9F2-E0C9E313DD60}.Debug|Any CPU.Build.0 = Debug|Any CPU
		{3E8E1CCB-6417-42EB-B9F2-E0C9E313DD60}.Release|Any CPU.ActiveCfg = Release|Any CPU
		{3E8E1CCB-6417-42EB-B9F2-E0C9E313DD60}.Release|Any CPU.Build.0 = Release|Any CPU
		{42FCDA03-096E-425D-930B-C36B0EC1428D}.Debug|Any CPU.ActiveCfg = Debug|Any CPU
		{42FCDA03-096E-425D-930B-C36B0EC1428D}.Debug|Any CPU.Build.0 = Debug|Any CPU
		{42FCDA03-096E-425D-930B-C36B0EC1428D}.Release|Any CPU.ActiveCfg = Release|Any CPU
		{42FCDA03-096E-425D-930B-C36B0EC1428D}.Release|Any CPU.Build.0 = Release|Any CPU
		{BA3FC4CA-185E-4DD0-9AAB-256770D99D08}.Debug|Any CPU.ActiveCfg = Debug|Any CPU
		{BA3FC4CA-185E-4DD0-9AAB-256770D99D08}.Debug|Any CPU.Build.0 = Debug|Any CPU
		{BA3FC4CA-185E-4DD0-9AAB-256770D99D08}.Release|Any CPU.ActiveCfg = Release|Any CPU
		{BA3FC4CA-185E-4DD0-9AAB-256770D99D08}.Release|Any CPU.Build.0 = Release|Any CPU
	EndGlobalSection
	GlobalSection(SolutionProperties) = preSolution
		HideSolutionNode = FALSE
	EndGlobalSection
	GlobalSection(ExtensibilityGlobals) = postSolution
		SolutionGuid = {A304F72E-F704-436B-98B8-6BB2663418D1}
	EndGlobalSection
EndGlobal
